
Microsoft Visual Studio Solution File, Format Version 12.00
# Visual Studio 15
VisualStudioVersion = 15.0.27703.2042
MinimumVisualStudioVersion = 10.0.40219.1
Project("{FAE04EC0-301F-11D3-BF4B-00C04F79EFBC}") = "Arithmetic", "Arithmetic\Arithmetic.csproj", "{136A1009-1057-41AB-948E-4A6FC09CCD7A}"
EndProject
Project("{FAE04EC0-301F-11D3-BF4B-00C04F79EFBC}") = "Arithmetic.Test", "Arithmetic.Test\Arithmetic.Test.csproj", "{CD48E03D-117D-4EAF-9276-8B52EA824DCC}"
EndProject
Global
	GlobalSection(SolutionConfigurationPlatforms) = preSolution
		Debug|Any CPU = Debug|Any CPU
		Release|Any CPU = Release|Any CPU
	EndGlobalSection
	GlobalSection(ProjectConfigurationPlatforms) = postSolution
		{136A1009-1057-41AB-948E-4A6FC09CCD7A}.Debug|Any CPU.ActiveCfg = Debug|Any CPU
		{136A1009-1057-41AB-948E-4A6FC09CCD7A}.Debug|Any CPU.Build.0 = Debug|Any CPU
		{136A1009-1057-41AB-948E-4A6FC09CCD7A}.Release|Any CPU.ActiveCfg = Release|Any CPU
		{136A1009-1057-41AB-948E-4A6FC09CCD7A}.Release|Any CPU.Build.0 = Release|Any CPU
		{CD48E03D-117D-4EAF-9276-8B52EA824DCC}.Debug|Any CPU.ActiveCfg = Debug|Any CPU
		{CD48E03D-117D-4EAF-9276-8B52EA824DCC}.Debug|Any CPU.Build.0 = Debug|Any CPU
		{CD48E03D-117D-4EAF-9276-8B52EA824DCC}.Release|Any CPU.ActiveCfg = Release|Any CPU
		{CD48E03D-117D-4EAF-9276-8B52EA824DCC}.Release|Any CPU.Build.0 = Release|Any CPU
	EndGlobalSection
	GlobalSection(SolutionProperties) = preSolution
		HideSolutionNode = FALSE
	EndGlobalSection
	GlobalSection(ExtensibilityGlobals) = postSolution
		SolutionGuid = {1613F5E9-2647-48DF-8FA8-B312869300CE}
	EndGlobalSection
EndGlobal
